
Microsoft Visual Studio Solution File, Format Version 12.00
# Visual Studio Version 16
VisualStudioVersion = 16.0.30717.126
MinimumVisualStudioVersion = 10.0.40219.1
Project("{FAE04EC0-301F-11D3-BF4B-00C04F79EFBC}") = "CinemaApp.UWP", "CinemaApp.UWP\CinemaApp.UWP.csproj", "{32556344-B933-40AE-A99A-ECAF7D552B33}"
EndProject
Project("{FAE04EC0-301F-11D3-BF4B-00C04F79EFBC}") = "CinemaApp.Android", "CinemaApp.Android\CinemaApp.Android.csproj", "{395C36D8-1597-4D64-9D94-96570F0BF9D9}"
EndProject
Project("{FAE04EC0-301F-11D3-BF4B-00C04F79EFBC}") = "CinemaApp.iOS", "CinemaApp.iOS\CinemaApp.iOS.csproj", "{7B8D70A0-4F8E-42D5-B24D-B670ECC818E3}"
EndProject
Project("{FAE04EC0-301F-11D3-BF4B-00C04F79EFBC}") = "CinemaApp", "CinemaApp\CinemaApp.csproj", "{2BDF01DA-98B3-44AF-B513-380B3D9C2ACE}"
EndProject
Global
	GlobalSection(SolutionConfigurationPlatforms) = preSolution
		Debug|Any CPU = Debug|Any CPU
		Debug|ARM = Debug|ARM
		Debug|iPhone = Debug|iPhone
		Debug|iPhoneSimulator = Debug|iPhoneSimulator
		Debug|x64 = Debug|x64
		Debug|x86 = Debug|x86
		Release|Any CPU = Release|Any CPU
		Release|ARM = Release|ARM
		Release|iPhone = Release|iPhone
		Release|iPhoneSimulator = Release|iPhoneSimulator
		Release|x64 = Release|x64
		Release|x86 = Release|x86
	EndGlobalSection
	GlobalSection(ProjectConfigurationPlatforms) = postSolution
		{32556344-B933-40AE-A99A-ECAF7D552B33}.Debug|Any CPU.ActiveCfg = Debug|x86
		{32556344-B933-40AE-A99A-ECAF7D552B33}.Debug|Any CPU.Build.0 = Debug|x86
		{32556344-B933-40AE-A99A-ECAF7D552B33}.Debug|Any CPU.Deploy.0 = Debug|x86
		{32556344-B933-40AE-A99A-ECAF7D552B33}.Debug|ARM.ActiveCfg = Debug|ARM
		{32556344-B933-40AE-A99A-ECAF7D552B33}.Debug|ARM.Build.0 = Debug|ARM
		{32556344-B933-40AE-A99A-ECAF7D552B33}.Debug|ARM.Deploy.0 = Debug|ARM
		{32556344-B933-40AE-A99A-ECAF7D552B33}.Debug|iPhone.ActiveCfg = Debug|x86
		{32556344-B933-40AE-A99A-ECAF7D552B33}.Debug|iPhone.Build.0 = Debug|x86
		{32556344-B933-40AE-A99A-ECAF7D552B33}.Debug|iPhone.Deploy.0 = Debug|x86
		{32556344-B933-40AE-A99A-ECAF7D552B33}.Debug|iPhoneSimulator.ActiveCfg = Debug|x86
		{32556344-B933-40AE-A99A-ECAF7D552B33}.Debug|iPhoneSimulator.Build.0 = Debug|x86
		{32556344-B933-40AE-A99A-ECAF7D552B33}.Debug|iPhoneSimulator.Deploy.0 = Debug|x86
		{32556344-B933-40AE-A99A-ECAF7D552B33}.Debug|x64.ActiveCfg = Debug|x64
		{32556344-B933-40AE-A99A-ECAF7D552B33}.Debug|x64.Build.0 = Debug|x64
		{32556344-B933-40AE-A99A-ECAF7D552B33}.Debug|x64.Deploy.0 = Debug|x64
		{32556344-B933-40AE-A99A-ECAF7D552B33}.Debug|x86.ActiveCfg = Debug|x86
		{32556344-B933-40AE-A99A-ECAF7D552B33}.Debug|x86.Build.0 = Debug|x86
		{32556344-B933-40AE-A99A-ECAF7D552B33}.Debug|x86.Deploy.0 = Debug|x86
		{32556344-B933-40AE-A99A-ECAF7D552B33}.Release|Any CPU.ActiveCfg = Release|x86
		{32556344-B933-40AE-A99A-ECAF7D552B33}.Release|Any CPU.Build.0 = Release|x86
		{32556344-B933-40AE-A99A-ECAF7D552B33}.Release|Any CPU.Deploy.0 = Release|x86
		{32556344-B933-40AE-A99A-ECAF7D552B33}.Release|ARM.ActiveCfg = Release|ARM
		{32556344-B933-40AE-A99A-ECAF7D552B33}.Release|ARM.Build.0 = Release|ARM
		{32556344-B933-40AE-A99A-ECAF7D552B33}.Release|ARM.Deploy.0 = Release|ARM
		{32556344-B933-40AE-A99A-ECAF7D552B33}.Release|iPhone.ActiveCfg = Release|x86
		{32556344-B933-40AE-A99A-ECAF7D552B33}.Release|iPhone.Build.0 = Release|x86
		{32556344-B933-40AE-A99A-ECAF7D552B33}.Release|iPhone.Deploy.0 = Release|x86
		{32556344-B933-40AE-A99A-ECAF7D552B33}.Release|iPhoneSimulator.ActiveCfg = Release|x86
		{32556344-B933-40AE-A99A-ECAF7D552B33}.Release|iPhoneSimulator.Build.0 = Release|x86
		{32556344-B933-40AE-A99A-ECAF7D552B33}.Release|iPhoneSimulator.Deploy.0 = Release|x86
		{32556344-B933-40AE-A99A-ECAF7D552B33}.Release|x64.ActiveCfg = Release|x64
		{32556344-B933-40AE-A99A-ECAF7D552B33}.Release|x64.Build.0 = Release|x64
		{32556344-B933-40AE-A99A-ECAF7D552B33}.Release|x64.Deploy.0 = Release|x64
		{32556344-B933-40AE-A99A-ECAF7D552B33}.Release|x86.ActiveCfg = Release|x86
		{32556344-B933-40AE-A99A-ECAF7D552B33}.Release|x86.Build.0 = Release|x86
		{32556344-B933-40AE-A99A-ECAF7D552B33}.Release|x86.Deploy.0 = Release|x86
		{395C36D8-1597-4D64-9D94-96570F0BF9D9}.Debug|Any CPU.ActiveCfg = Debug|Any CPU
		{395C36D8-1597-4D64-9D94-96570F0BF9D9}.Debug|Any CPU.Build.0 = Debug|Any CPU
		{395C36D8-1597-4D64-9D94-96570F0BF9D9}.Debug|Any CPU.Deploy.0 = Debug|Any CPU
		{395C36D8-1597-4D64-9D94-96570F0BF9D9}.Debug|ARM.ActiveCfg = Debug|Any CPU
		{395C36D8-1597-4D64-9D94-96570F0BF9D9}.Debug|ARM.Build.0 = Debug|Any CPU
		{395C36D8-1597-4D64-9D94-96570F0BF9D9}.Debug|ARM.Deploy.0 = Debug|Any CPU
		{395C36D8-1597-4D64-9D94-96570F0BF9D9}.Debug|iPhone.ActiveCfg = Debug|Any CPU
		{395C36D8-1597-4D64-9D94-96570F0BF9D9}.Debug|iPhone.Build.0 = Debug|Any CPU
		{395C36D8-1597-4D64-9D94-96570F0BF9D9}.Debug|iPhone.Deploy.0 = Debug|Any CPU
		{395C36D8-1597-4D64-9D94-96570F0BF9D9}.Debug|iPhoneSimulator.ActiveCfg = Debug|Any CPU
		{395C36D8-1597-4D64-9D94-96570F0BF9D9}.Debug|iPhoneSimulator.Build.0 = Debug|Any CPU
		{395C36D8-1597-4D64-9D94-96570F0BF9D9}.Debug|iPhoneSimulator.Deploy.0 = Debug|Any CPU
		{395C36D8-1597-4D64-9D94-96570F0BF9D9}.Debug|x64.ActiveCfg = Debug|Any CPU
		{395C36D8-1597-4D64-9D94-96570F0BF9D9}.Debug|x64.Build.0 = Debug|Any CPU
		{395C36D8-1597-4D64-9D94-96570F0BF9D9}.Debug|x64.Deploy.0 = Debug|Any CPU
		{395C36D8-1597-4D64-9D94-96570F0BF9D9}.Debug|x86.ActiveCfg = Debug|Any CPU
		{395C36D8-1597-4D64-9D94-96570F0BF9D9}.Debug|x86.Build.0 = Debug|Any CPU
		{395C36D8-1597-4D64-9D94-96570F0BF9D9}.Debug|x86.Deploy.0 = Debug|Any CPU
		{395C36D8-1597-4D64-9D94-96570F0BF9D9}.Release|Any CPU.ActiveCfg = Release|Any CPU
		{395C36D8-1597-4D64-9D94-96570F0BF9D9}.Release|Any CPU.Build.0 = Release|Any CPU
		{395C36D8-1597-4D64-9D94-96570F0BF9D9}.Release|Any CPU.Deploy.0 = Release|Any CPU
		{395C36D8-1597-4D64-9D94-96570F0BF9D9}.Release|ARM.ActiveCfg = Release|Any CPU
		{395C36D8-1597-4D64-9D94-96570F0BF9D9}.Release|ARM.Build.0 = Release|Any CPU
		{395C36D8-1597-4D64-9D94-96570F0BF9D9}.Release|ARM.Deploy.0 = Release|Any CPU
		{395C36D8-1597-4D64-9D94-96570F0BF9D9}.Release|iPhone.ActiveCfg = Release|Any CPU
		{395C36D8-1597-4D64-9D94-96570F0BF9D9}.Release|iPhone.Build.0 = Release|Any CPU
		{395C36D8-1597-4D64-9D94-96570F0BF9D9}.Release|iPhone.Deploy.0 = Release|Any CPU
		{395C36D8-1597-4D64-9D94-96570F0BF9D9}.Release|iPhoneSimulator.ActiveCfg = Release|Any CPU
		{395C36D8-1597-4D64-9D94-96570F0BF9D9}.Release|iPhoneSimulator.Build.0 = Release|Any CPU
		{395C36D8-1597-4D64-9D94-96570F0BF9D9}.Release|iPhoneSimulator.Deploy.0 = Release|Any CPU
		{395C36D8-1597-4D64-9D94-96570F0BF9D9}.Release|x64.ActiveCfg = Release|Any CPU
		{395C36D8-1597-4D64-9D94-96570F0BF9D9}.Release|x64.Build.0 = Release|Any CPU
		{395C36D8-1597-4D64-9D94-96570F0BF9D9}.Release|x64.Deploy.0 = Release|Any CPU
		{395C36D8-1597-4D64-9D94-96570F0BF9D9}.Release|x86.ActiveCfg = Release|Any CPU
		{395C36D8-1597-4D64-9D94-96570F0BF9D9}.Release|x86.Build.0 = Release|Any CPU
		{395C36D8-1597-4D64-9D94-96570F0BF9D9}.Release|x86.Deploy.0 = Release|Any CPU
		{7B8D70A0-4F8E-42D5-B24D-B670ECC818E3}.Debug|Any CPU.ActiveCfg = Debug|iPhoneSimulator
		{7B8D70A0-4F8E-42D5-B24D-B670ECC818E3}.Debug|Any CPU.Build.0 = Debug|iPhoneSimulator
		{7B8D70A0-4F8E-42D5-B24D-B670ECC818E3}.Debug|Any CPU.Deploy.0 = Debug|iPhoneSimulator
		{7B8D70A0-4F8E-42D5-B24D-B670ECC818E3}.Debug|ARM.ActiveCfg = Debug|iPhone
		{7B8D70A0-4F8E-42D5-B24D-B670ECC818E3}.Debug|ARM.Build.0 = Debug|iPhone
		{7B8D70A0-4F8E-42D5-B24D-B670ECC818E3}.Debug|ARM.Deploy.0 = Debug|iPhone
		{7B8D70A0-4F8E-42D5-B24D-B670ECC818E3}.Debug|iPhone.ActiveCfg = Debug|iPhone
		{7B8D70A0-4F8E-42D5-B24D-B670ECC818E3}.Debug|iPhone.Build.0 = Debug|iPhone
		{7B8D70A0-4F8E-42D5-B24D-B670ECC818E3}.Debug|iPhone.Deploy.0 = Debug|iPhone
		{7B8D70A0-4F8E-42D5-B24D-B670ECC818E3}.Debug|iPhoneSimulator.ActiveCfg = Debug|iPhoneSimulator
		{7B8D70A0-4F8E-42D5-B24D-B670ECC818E3}.Debug|iPhoneSimulator.Build.0 = Debug|iPhoneSimulator
		{7B8D70A0-4F8E-42D5-B24D-B670ECC818E3}.Debug|iPhoneSimulator.Deploy.0 = Debug|iPhoneSimulator
		{7B8D70A0-4F8E-42D5-B24D-B670ECC818E3}.Debug|x64.ActiveCfg = Debug|iPhoneSimulator
		{7B8D70A0-4F8E-42D5-B24D-B670ECC818E3}.Debug|x64.Build.0 = Debug|iPhoneSimulator
		{7B8D70A0-4F8E-42D5-B24D-B670ECC818E3}.Debug|x64.Deploy.0 = Debug|iPhoneSimulator
		{7B8D70A0-4F8E-42D5-B24D-B670ECC818E3}.Debug|x86.ActiveCfg = Debug|iPhoneSimulator
		{7B8D70A0-4F8E-42D5-B24D-B670ECC818E3}.Debug|x86.Build.0 = Debug|iPhoneSimulator
		{7B8D70A0-4F8E-42D5-B24D-B670ECC818E3}.Debug|x86.Deploy.0 = Debug|iPhoneSimulator
		{7B8D70A0-4F8E-42D5-B24D-B670ECC818E3}.Release|Any CPU.ActiveCfg = Release|iPhoneSimulator
		{7B8D70A0-4F8E-42D5-B24D-B670ECC818E3}.Release|Any CPU.Build.0 = Release|iPhoneSimulator
		{7B8D70A0-4F8E-42D5-B24D-B670ECC818E3}.Release|Any CPU.Deploy.0 = Release|iPhoneSimulator
		{7B8D70A0-4F8E-42D5-B24D-B670ECC818E3}.Release|ARM.ActiveCfg = Release|iPhoneSimulator
		{7B8D70A0-4F8E-42D5-B24D-B670ECC818E3}.Release|ARM.Build.0 = Release|iPhoneSimulator
		{7B8D70A0-4F8E-42D5-B24D-B670ECC818E3}.Release|ARM.Deploy.0 = Release|iPhoneSimulator
		{7B8D70A0-4F8E-42D5-B24D-B670ECC818E3}.Release|iPhone.ActiveCfg = Release|iPhone
		{7B8D70A0-4F8E-42D5-B24D-B670ECC818E3}.Release|iPhone.Build.0 = Release|iPhone
		{7B8D70A0-4F8E-42D5-B24D-B670ECC818E3}.Release|iPhone.Deploy.0 = Release|iPhone
		{7B8D70A0-4F8E-42D5-B24D-B670ECC818E3}.Release|iPhoneSimulator.ActiveCfg = Release|iPhoneSimulator
		{7B8D70A0-4F8E-42D5-B24D-B670ECC818E3}.Release|iPhoneSimulator.Build.0 = Release|iPhoneSimulator
		{7B8D70A0-4F8E-42D5-B24D-B670ECC818E3}.Release|iPhoneSimulator.Deploy.0 = Release|iPhoneSimulator
		{7B8D70A0-4F8E-42D5-B24D-B670ECC818E3}.Release|x64.ActiveCfg = Release|iPhoneSimulator
		{7B8D70A0-4F8E-42D5-B24D-B670ECC818E3}.Release|x64.Build.0 = Release|iPhoneSimulator
		{7B8D70A0-4F8E-42D5-B24D-B670ECC818E3}.Release|x64.Deploy.0 = Release|iPhoneSimulator
		{7B8D70A0-4F8E-42D5-B24D-B670ECC818E3}.Release|x86.ActiveCfg = Release|iPhoneSimulator
		{7B8D70A0-4F8E-42D5-B24D-B670ECC818E3}.Release|x86.Build.0 = Release|iPhoneSimulator
		{7B8D70A0-4F8E-42D5-B24D-B670ECC818E3}.Release|x86.Deploy.0 = Release|iPhoneSimulator
		{2BDF01DA-98B3-44AF-B513-380B3D9C2ACE}.Debug|Any CPU.ActiveCfg = Debug|Any CPU
		{2BDF01DA-98B3-44AF-B513-380B3D9C2ACE}.Debug|Any CPU.Build.0 = Debug|Any CPU
		{2BDF01DA-98B3-44AF-B513-380B3D9C2ACE}.Debug|Any CPU.Deploy.0 = Debug|Any CPU
		{2BDF01DA-98B3-44AF-B513-380B3D9C2ACE}.Debug|ARM.ActiveCfg = Debug|Any CPU
		{2BDF01DA-98B3-44AF-B513-380B3D9C2ACE}.Debug|ARM.Build.0 = Debug|Any CPU
		{2BDF01DA-98B3-44AF-B513-380B3D9C2ACE}.Debug|ARM.Deploy.0 = Debug|Any CPU
		{2BDF01DA-98B3-44AF-B513-380B3D9C2ACE}.Debug|iPhone.ActiveCfg = Debug|Any CPU
		{2BDF01DA-98B3-44AF-B513-380B3D9C2ACE}.Debug|iPhone.Build.0 = Debug|Any CPU
		{2BDF01DA-98B3-44AF-B513-380B3D9C2ACE}.Debug|iPhone.Deploy.0 = Debug|Any CPU
		{2BDF01DA-98B3-44AF-B513-380B3D9C2ACE}.Debug|iPhoneSimulator.ActiveCfg = Debug|Any CPU
		{2BDF01DA-98B3-44AF-B513-380B3D9C2ACE}.Debug|iPhoneSimulator.Build.0 = Debug|Any CPU
		{2BDF01DA-98B3-44AF-B513-380B3D9C2ACE}.Debug|iPhoneSimulator.Deploy.0 = Debug|Any CPU
		{2BDF01DA-98B3-44AF-B513-380B3D9C2ACE}.Debug|x64.ActiveCfg = Debug|Any CPU
		{2BDF01DA-98B3-44AF-B513-380B3D9C2ACE}.Debug|x64.Build.0 = Debug|Any CPU
		{2BDF01DA-98B3-44AF-B513-380B3D9C2ACE}.Debug|x64.Deploy.0 = Debug|Any CPU
		{2BDF01DA-98B3-44AF-B513-380B3D9C2ACE}.Debug|x86.ActiveCfg = Debug|Any CPU
		{2BDF01DA-98B3-44AF-B513-380B3D9C2ACE}.Debug|x86.Build.0 = Debug|Any CPU
		{2BDF01DA-98B3-44AF-B513-380B3D9C2ACE}.Debug|x86.Deploy.0 = Debug|Any CPU
		{2BDF01DA-98B3-44AF-B513-380B3D9C2ACE}.Release|Any CPU.ActiveCfg = Release|Any CPU
		{2BDF01DA-98B3-44AF-B513-380B3D9C2ACE}.Release|Any CPU.Build.0 = Release|Any CPU
		{2BDF01DA-98B3-44AF-B513-380B3D9C2ACE}.Release|Any CPU.Deploy.0 = Release|Any CPU
		{2BDF01DA-98B3-44AF-B513-380B3D9C2ACE}.Release|ARM.ActiveCfg = Release|Any CPU
		{2BDF01DA-98B3-44AF-B513-380B3D9C2ACE}.Release|ARM.Build.0 = Release|Any CPU
		{2BDF01DA-98B3-44AF-B513-380B3D9C2ACE}.Release|ARM.Deploy.0 = Release|Any CPU
		{2BDF01DA-98B3-44AF-B513-380B3D9C2ACE}.Release|iPhone.ActiveCfg = Release|Any CPU
		{2BDF01DA-98B3-44AF-B513-380B3D9C2ACE}.Release|iPhone.Build.0 = Release|Any CPU
		{2BDF01DA-98B3-44AF-B513-380B3D9C2ACE}.Release|iPhone.Deploy.0 = Release|Any CPU
		{2BDF01DA-98B3-44AF-B513-380B3D9C2ACE}.Release|iPhoneSimulator.ActiveCfg = Release|Any CPU
		{2BDF01DA-98B3-44AF-B513-380B3D9C2ACE}.Release|iPhoneSimulator.Build.0 = Release|Any CPU
		{2BDF01DA-98B3-44AF-B513-380B3D9C2ACE}.Release|iPhoneSimulator.Deploy.0 = Release|Any CPU
		{2BDF01DA-98B3-44AF-B513-380B3D9C2ACE}.Release|x64.ActiveCfg = Release|Any CPU
		{2BDF01DA-98B3-44AF-B513-380B3D9C2ACE}.Release|x64.Build.0 = Release|Any CPU
		{2BDF01DA-98B3-44AF-B513-380B3D9C2ACE}.Release|x64.Deploy.0 = Release|Any CPU
		{2BDF01DA-98B3-44AF-B513-380B3D9C2ACE}.Release|x86.ActiveCfg = Release|Any CPU
		{2BDF01DA-98B3-44AF-B513-380B3D9C2ACE}.Release|x86.Build.0 = Release|Any CPU
		{2BDF01DA-98B3-44AF-B513-380B3D9C2ACE}.Release|x86.Deploy.0 = Release|Any CPU
	EndGlobalSection
	GlobalSection(SolutionProperties) = preSolution
		HideSolutionNode = FALSE
	EndGlobalSection
	GlobalSection(ExtensibilityGlobals) = postSolution
		SolutionGuid = {ED4D75B4-5492-402D-93D9-026D9DABBA0C}
	EndGlobalSection
EndGlobal
